
Microsoft Visual Studio Solution File, Format Version 12.00
# Visual Studio Version 17
VisualStudioVersion = 17.1.31911.260
MinimumVisualStudioVersion = 10.0.40219.1
Project("{2150E333-8FDC-42A3-9474-1A3956D46DE8}") = "src", "src", "{4DE2BA00-2B1C-4133-86C2-6E21F6119066}"
EndProject
Project("{FAE04EC0-301F-11D3-BF4B-00C04F79EFBC}") = "MAUIWebAuthenticator", "src\MAUIWebAuthenticator\MAUIWebAuthenticator.csproj", "{88123E52-670F-4E9B-9FEC-9080062A506D}"
EndProject
Project("{FAE04EC0-301F-11D3-BF4B-00C04F79EFBC}") = "MAUIWebAuthenticatorBlazor", "src\MAUIWebAuthenticatorBlazor\MAUIWebAuthenticatorBlazor.csproj", "{D7949A09-1A47-43FC-A290-39F6B853BAF0}"
EndProject
Global
	GlobalSection(SolutionConfigurationPlatforms) = preSolution
		Debug|Any CPU = Debug|Any CPU
		Release|Any CPU = Release|Any CPU
	EndGlobalSection
	GlobalSection(ProjectConfigurationPlatforms) = postSolution
		{88123E52-670F-4E9B-9FEC-9080062A506D}.Debug|Any CPU.ActiveCfg = Debug|Any CPU
		{88123E52-670F-4E9B-9FEC-9080062A506D}.Debug|Any CPU.Build.0 = Debug|Any CPU
		{88123E52-670F-4E9B-9FEC-9080062A506D}.Debug|Any CPU.Deploy.0 = Debug|Any CPU
		{88123E52-670F-4E9B-9FEC-9080062A506D}.Release|Any CPU.ActiveCfg = Release|Any CPU
		{88123E52-670F-4E9B-9FEC-9080062A506D}.Release|Any CPU.Build.0 = Release|Any CPU
		{D7949A09-1A47-43FC-A290-39F6B853BAF0}.Debug|Any CPU.ActiveCfg = Debug|Any CPU
		{D7949A09-1A47-43FC-A290-39F6B853BAF0}.Debug|Any CPU.Build.0 = Debug|Any CPU
		{D7949A09-1A47-43FC-A290-39F6B853BAF0}.Debug|Any CPU.Deploy.0 = Debug|Any CPU
		{D7949A09-1A47-43FC-A290-39F6B853BAF0}.Release|Any CPU.ActiveCfg = Release|Any CPU
		{D7949A09-1A47-43FC-A290-39F6B853BAF0}.Release|Any CPU.Build.0 = Release|Any CPU
	EndGlobalSection
	GlobalSection(SolutionProperties) = preSolution
		HideSolutionNode = FALSE
	EndGlobalSection
	GlobalSection(NestedProjects) = preSolution
		{88123E52-670F-4E9B-9FEC-9080062A506D} = {4DE2BA00-2B1C-4133-86C2-6E21F6119066}
		{D7949A09-1A47-43FC-A290-39F6B853BAF0} = {4DE2BA00-2B1C-4133-86C2-6E21F6119066}
	EndGlobalSection
	GlobalSection(ExtensibilityGlobals) = postSolution
		SolutionGuid = {E3B8A225-AC29-4C09-B900-D92F19F169B3}
	EndGlobalSection
EndGlobal
